
Microsoft Visual Studio Solution File, Format Version 12.00
# Visual Studio Version 17
VisualStudioVersion = 17.7.34024.191
MinimumVisualStudioVersion = 10.0.40219.1
Project("{FAE04EC0-301F-11D3-BF4B-00C04F79EFBC}") = "MeadowClockGraphics", "MeadowClockGraphics\MeadowClockGraphics.csproj", "{7759568B-C447-4F2A-93D3-B3CA583378AB}"
EndProject
Global
	GlobalSection(SolutionConfigurationPlatforms) = preSolution
		Debug|Any CPU = Debug|Any CPU
		Release|Any CPU = Release|Any CPU
	EndGlobalSection
	GlobalSection(ProjectConfigurationPlatforms) = postSolution
		{7759568B-C447-4F2A-93D3-B3CA583378AB}.Debug|Any CPU.ActiveCfg = Debug|Any CPU
		{7759568B-C447-4F2A-93D3-B3CA583378AB}.Debug|Any CPU.Build.0 = Debug|Any CPU
		{7759568B-C447-4F2A-93D3-B3CA583378AB}.Debug|Any CPU.Deploy.0 = Debug|Any CPU
		{7759568B-C447-4F2A-93D3-B3CA583378AB}.Release|Any CPU.ActiveCfg = Release|Any CPU
		{7759568B-C447-4F2A-93D3-B3CA583378AB}.Release|Any CPU.Build.0 = Release|Any CPU
		{7759568B-C447-4F2A-93D3-B3CA583378AB}.Release|Any CPU.Deploy.0 = Release|Any CPU
	EndGlobalSection
	GlobalSection(SolutionProperties) = preSolution
		HideSolutionNode = FALSE
	EndGlobalSection
	GlobalSection(ExtensibilityGlobals) = postSolution
		SolutionGuid = {15653BD7-5630-475B-A714-AE557637517A}
	EndGlobalSection
EndGlobal
