
Microsoft Visual Studio Solution File, Format Version 12.00
# Visual Studio Version 17
VisualStudioVersion = 17.7.34024.191
MinimumVisualStudioVersion = 10.0.40219.1
Project("{FAE04EC0-301F-11D3-BF4B-00C04F79EFBC}") = "MeadowFlashLED2023", "MeadowFlashLED2023\MeadowFlashLED2023.csproj", "{FCF2D694-9194-43E2-90D3-0888CF4A0A34}"
EndProject
Global
	GlobalSection(SolutionConfigurationPlatforms) = preSolution
		Debug|Any CPU = Debug|Any CPU
		Release|Any CPU = Release|Any CPU
	EndGlobalSection
	GlobalSection(ProjectConfigurationPlatforms) = postSolution
		{FCF2D694-9194-43E2-90D3-0888CF4A0A34}.Debug|Any CPU.ActiveCfg = Debug|Any CPU
		{FCF2D694-9194-43E2-90D3-0888CF4A0A34}.Debug|Any CPU.Build.0 = Debug|Any CPU
		{FCF2D694-9194-43E2-90D3-0888CF4A0A34}.Debug|Any CPU.Deploy.0 = Debug|Any CPU
		{FCF2D694-9194-43E2-90D3-0888CF4A0A34}.Release|Any CPU.ActiveCfg = Release|Any CPU
		{FCF2D694-9194-43E2-90D3-0888CF4A0A34}.Release|Any CPU.Build.0 = Release|Any CPU
		{FCF2D694-9194-43E2-90D3-0888CF4A0A34}.Release|Any CPU.Deploy.0 = Release|Any CPU
	EndGlobalSection
	GlobalSection(SolutionProperties) = preSolution
		HideSolutionNode = FALSE
	EndGlobalSection
	GlobalSection(ExtensibilityGlobals) = postSolution
		SolutionGuid = {3A3F1F01-C1D1-4C27-88E5-9403E2168918}
	EndGlobalSection
EndGlobal
